
Microsoft Visual Studio Solution File, Format Version 12.00
# Visual Studio 15
VisualStudioVersion = 15.0.28307.136
MinimumVisualStudioVersion = 10.0.40219.1
Project("{8BC9CEB8-8B4A-11D0-8D11-00A0C91BC942}") = "thread-process", "thread-process\thread-process.vcxproj", "{E551BD05-5A86-4CBE-80F6-B5D644E9BBFE}"
EndProject
Project("{8BC9CEB8-8B4A-11D0-8D11-00A0C91BC942}") = "sub-process", "sub-process\sub-process.vcxproj", "{7CD41F58-2B3D-480D-A1EC-97FD3A380721}"
EndProject
Global
	GlobalSection(SolutionConfigurationPlatforms) = preSolution
		Debug|x64 = Debug|x64
		Debug|x86 = Debug|x86
		Release|x64 = Release|x64
		Release|x86 = Release|x86
	EndGlobalSection
	GlobalSection(ProjectConfigurationPlatforms) = postSolution
		{E551BD05-5A86-4CBE-80F6-B5D644E9BBFE}.Debug|x64.ActiveCfg = Debug|x64
		{E551BD05-5A86-4CBE-80F6-B5D644E9BBFE}.Debug|x64.Build.0 = Debug|x64
		{E551BD05-5A86-4CBE-80F6-B5D644E9BBFE}.Debug|x86.ActiveCfg = Debug|Win32
		{E551BD05-5A86-4CBE-80F6-B5D644E9BBFE}.Debug|x86.Build.0 = Debug|Win32
		{E551BD05-5A86-4CBE-80F6-B5D644E9BBFE}.Release|x64.ActiveCfg = Release|x64
		{E551BD05-5A86-4CBE-80F6-B5D644E9BBFE}.Release|x64.Build.0 = Release|x64
		{E551BD05-5A86-4CBE-80F6-B5D644E9BBFE}.Release|x86.ActiveCfg = Release|Win32
		{E551BD05-5A86-4CBE-80F6-B5D644E9BBFE}.Release|x86.Build.0 = Release|Win32
		{7CD41F58-2B3D-480D-A1EC-97FD3A380721}.Debug|x64.ActiveCfg = Debug|x64
		{7CD41F58-2B3D-480D-A1EC-97FD3A380721}.Debug|x64.Build.0 = Debug|x64
		{7CD41F58-2B3D-480D-A1EC-97FD3A380721}.Debug|x86.ActiveCfg = Debug|Win32
		{7CD41F58-2B3D-480D-A1EC-97FD3A380721}.Debug|x86.Build.0 = Debug|Win32
		{7CD41F58-2B3D-480D-A1EC-97FD3A380721}.Release|x64.ActiveCfg = Release|x64
		{7CD41F58-2B3D-480D-A1EC-97FD3A380721}.Release|x64.Build.0 = Release|x64
		{7CD41F58-2B3D-480D-A1EC-97FD3A380721}.Release|x86.ActiveCfg = Release|Win32
		{7CD41F58-2B3D-480D-A1EC-97FD3A380721}.Release|x86.Build.0 = Release|Win32
	EndGlobalSection
	GlobalSection(SolutionProperties) = preSolution
		HideSolutionNode = FALSE
	EndGlobalSection
	GlobalSection(ExtensibilityGlobals) = postSolution
		SolutionGuid = {98773DC1-D8C8-4694-859E-09FDAB5096AE}
	EndGlobalSection
EndGlobal
